
Microsoft Visual Studio Solution File, Format Version 12.00
# Visual Studio Version 17
VisualStudioVersion = 17.5.002.0
MinimumVisualStudioVersion = 10.0.40219.1
Project("{9A19103F-16F7-4668-BE54-9A1E7A4F7556}") = "pv-Api", "pv-Api.csproj", "{A8D74C69-CA95-42EE-8AE5-9DCD339EAAF0}"
EndProject
Global
	GlobalSection(SolutionConfigurationPlatforms) = preSolution
		Debug|Any CPU = Debug|Any CPU
		Release|Any CPU = Release|Any CPU
	EndGlobalSection
	GlobalSection(ProjectConfigurationPlatforms) = postSolution
		{A8D74C69-CA95-42EE-8AE5-9DCD339EAAF0}.Debug|Any CPU.ActiveCfg = Debug|Any CPU
		{A8D74C69-CA95-42EE-8AE5-9DCD339EAAF0}.Debug|Any CPU.Build.0 = Debug|Any CPU
		{A8D74C69-CA95-42EE-8AE5-9DCD339EAAF0}.Release|Any CPU.ActiveCfg = Release|Any CPU
		{A8D74C69-CA95-42EE-8AE5-9DCD339EAAF0}.Release|Any CPU.Build.0 = Release|Any CPU
	EndGlobalSection
	GlobalSection(SolutionProperties) = preSolution
		HideSolutionNode = FALSE
	EndGlobalSection
	GlobalSection(ExtensibilityGlobals) = postSolution
		SolutionGuid = {5CD549ED-7B9F-4A59-80C7-CDB056F2D418}
	EndGlobalSection
EndGlobal
